
Microsoft Visual Studio Solution File, Format Version 12.00
# Visual Studio Version 16
VisualStudioVersion = 16.0.31624.102
MinimumVisualStudioVersion = 10.0.40219.1
Project("{FAE04EC0-301F-11D3-BF4B-00C04F79EFBC}") = "MKit.VectorIconsSample.UWP", "MKit.VectorIconsSample\MKit.VectorIconsSample.UWP\MKit.VectorIconsSample.UWP.csproj", "{F2710415-B939-4CB3-8FEF-7C948DF359D1}"
EndProject
Project("{FAE04EC0-301F-11D3-BF4B-00C04F79EFBC}") = "MKit.VectorIconsSample.Android", "MKit.VectorIconsSample\MKit.VectorIconsSample.Android\MKit.VectorIconsSample.Android.csproj", "{96ED0EEF-004F-4719-AD30-16C08B6E4DE0}"
EndProject
Project("{FAE04EC0-301F-11D3-BF4B-00C04F79EFBC}") = "MKit.VectorIconsSample.iOS", "MKit.VectorIconsSample\MKit.VectorIconsSample.iOS\MKit.VectorIconsSample.iOS.csproj", "{E35B3B8C-7A5E-4FC4-9902-0E9D4FFC2696}"
EndProject
Project("{FAE04EC0-301F-11D3-BF4B-00C04F79EFBC}") = "MKit.VectorIconsSample", "MKit.VectorIconsSample\MKit.VectorIconsSample\MKit.VectorIconsSample.csproj", "{98F8B150-EF81-4B74-BA98-A5EE4C10E90D}"
EndProject
Project("{9A19103F-16F7-4668-BE54-9A1E7A4F7556}") = "MKit.VectorIcons", "..\..\src\MKit.VectorIcons\MKit.VectorIcons.csproj", "{25C7333F-4841-4014-8D70-5D60664FC915}"
EndProject
Global
	GlobalSection(SolutionConfigurationPlatforms) = preSolution
		Debug|Any CPU = Debug|Any CPU
		Debug|ARM = Debug|ARM
		Debug|iPhone = Debug|iPhone
		Debug|iPhoneSimulator = Debug|iPhoneSimulator
		Debug|x64 = Debug|x64
		Debug|x86 = Debug|x86
		Release|Any CPU = Release|Any CPU
		Release|ARM = Release|ARM
		Release|iPhone = Release|iPhone
		Release|iPhoneSimulator = Release|iPhoneSimulator
		Release|x64 = Release|x64
		Release|x86 = Release|x86
	EndGlobalSection
	GlobalSection(ProjectConfigurationPlatforms) = postSolution
		{F2710415-B939-4CB3-8FEF-7C948DF359D1}.Debug|Any CPU.ActiveCfg = Debug|x86
		{F2710415-B939-4CB3-8FEF-7C948DF359D1}.Debug|Any CPU.Build.0 = Debug|x86
		{F2710415-B939-4CB3-8FEF-7C948DF359D1}.Debug|Any CPU.Deploy.0 = Debug|x86
		{F2710415-B939-4CB3-8FEF-7C948DF359D1}.Debug|ARM.ActiveCfg = Debug|ARM
		{F2710415-B939-4CB3-8FEF-7C948DF359D1}.Debug|ARM.Build.0 = Debug|ARM
		{F2710415-B939-4CB3-8FEF-7C948DF359D1}.Debug|ARM.Deploy.0 = Debug|ARM
		{F2710415-B939-4CB3-8FEF-7C948DF359D1}.Debug|iPhone.ActiveCfg = Debug|x86
		{F2710415-B939-4CB3-8FEF-7C948DF359D1}.Debug|iPhone.Build.0 = Debug|x86
		{F2710415-B939-4CB3-8FEF-7C948DF359D1}.Debug|iPhone.Deploy.0 = Debug|x86
		{F2710415-B939-4CB3-8FEF-7C948DF359D1}.Debug|iPhoneSimulator.ActiveCfg = Debug|x86
		{F2710415-B939-4CB3-8FEF-7C948DF359D1}.Debug|iPhoneSimulator.Build.0 = Debug|x86
		{F2710415-B939-4CB3-8FEF-7C948DF359D1}.Debug|iPhoneSimulator.Deploy.0 = Debug|x86
		{F2710415-B939-4CB3-8FEF-7C948DF359D1}.Debug|x64.ActiveCfg = Debug|x64
		{F2710415-B939-4CB3-8FEF-7C948DF359D1}.Debug|x64.Build.0 = Debug|x64
		{F2710415-B939-4CB3-8FEF-7C948DF359D1}.Debug|x64.Deploy.0 = Debug|x64
		{F2710415-B939-4CB3-8FEF-7C948DF359D1}.Debug|x86.ActiveCfg = Debug|x86
		{F2710415-B939-4CB3-8FEF-7C948DF359D1}.Debug|x86.Build.0 = Debug|x86
		{F2710415-B939-4CB3-8FEF-7C948DF359D1}.Debug|x86.Deploy.0 = Debug|x86
		{F2710415-B939-4CB3-8FEF-7C948DF359D1}.Release|Any CPU.ActiveCfg = Release|x86
		{F2710415-B939-4CB3-8FEF-7C948DF359D1}.Release|Any CPU.Build.0 = Release|x86
		{F2710415-B939-4CB3-8FEF-7C948DF359D1}.Release|Any CPU.Deploy.0 = Release|x86
		{F2710415-B939-4CB3-8FEF-7C948DF359D1}.Release|ARM.ActiveCfg = Release|ARM
		{F2710415-B939-4CB3-8FEF-7C948DF359D1}.Release|ARM.Build.0 = Release|ARM
		{F2710415-B939-4CB3-8FEF-7C948DF359D1}.Release|ARM.Deploy.0 = Release|ARM
		{F2710415-B939-4CB3-8FEF-7C948DF359D1}.Release|iPhone.ActiveCfg = Release|x86
		{F2710415-B939-4CB3-8FEF-7C948DF359D1}.Release|iPhone.Build.0 = Release|x86
		{F2710415-B939-4CB3-8FEF-7C948DF359D1}.Release|iPhone.Deploy.0 = Release|x86
		{F2710415-B939-4CB3-8FEF-7C948DF359D1}.Release|iPhoneSimulator.ActiveCfg = Release|x86
		{F2710415-B939-4CB3-8FEF-7C948DF359D1}.Release|iPhoneSimulator.Build.0 = Release|x86
		{F2710415-B939-4CB3-8FEF-7C948DF359D1}.Release|iPhoneSimulator.Deploy.0 = Release|x86
		{F2710415-B939-4CB3-8FEF-7C948DF359D1}.Release|x64.ActiveCfg = Release|x64
		{F2710415-B939-4CB3-8FEF-7C948DF359D1}.Release|x64.Build.0 = Release|x64
		{F2710415-B939-4CB3-8FEF-7C948DF359D1}.Release|x64.Deploy.0 = Release|x64
		{F2710415-B939-4CB3-8FEF-7C948DF359D1}.Release|x86.ActiveCfg = Release|x86
		{F2710415-B939-4CB3-8FEF-7C948DF359D1}.Release|x86.Build.0 = Release|x86
		{F2710415-B939-4CB3-8FEF-7C948DF359D1}.Release|x86.Deploy.0 = Release|x86
		{96ED0EEF-004F-4719-AD30-16C08B6E4DE0}.Debug|Any CPU.ActiveCfg = Debug|Any CPU
		{96ED0EEF-004F-4719-AD30-16C08B6E4DE0}.Debug|Any CPU.Build.0 = Debug|Any CPU
		{96ED0EEF-004F-4719-AD30-16C08B6E4DE0}.Debug|Any CPU.Deploy.0 = Debug|Any CPU
		{96ED0EEF-004F-4719-AD30-16C08B6E4DE0}.Debug|ARM.ActiveCfg = Debug|Any CPU
		{96ED0EEF-004F-4719-AD30-16C08B6E4DE0}.Debug|ARM.Build.0 = Debug|Any CPU
		{96ED0EEF-004F-4719-AD30-16C08B6E4DE0}.Debug|ARM.Deploy.0 = Debug|Any CPU
		{96ED0EEF-004F-4719-AD30-16C08B6E4DE0}.Debug|iPhone.ActiveCfg = Debug|Any CPU
		{96ED0EEF-004F-4719-AD30-16C08B6E4DE0}.Debug|iPhone.Build.0 = Debug|Any CPU
		{96ED0EEF-004F-4719-AD30-16C08B6E4DE0}.Debug|iPhone.Deploy.0 = Debug|Any CPU
		{96ED0EEF-004F-4719-AD30-16C08B6E4DE0}.Debug|iPhoneSimulator.ActiveCfg = Debug|Any CPU
		{96ED0EEF-004F-4719-AD30-16C08B6E4DE0}.Debug|iPhoneSimulator.Build.0 = Debug|Any CPU
		{96ED0EEF-004F-4719-AD30-16C08B6E4DE0}.Debug|iPhoneSimulator.Deploy.0 = Debug|Any CPU
		{96ED0EEF-004F-4719-AD30-16C08B6E4DE0}.Debug|x64.ActiveCfg = Debug|Any CPU
		{96ED0EEF-004F-4719-AD30-16C08B6E4DE0}.Debug|x64.Build.0 = Debug|Any CPU
		{96ED0EEF-004F-4719-AD30-16C08B6E4DE0}.Debug|x64.Deploy.0 = Debug|Any CPU
		{96ED0EEF-004F-4719-AD30-16C08B6E4DE0}.Debug|x86.ActiveCfg = Debug|Any CPU
		{96ED0EEF-004F-4719-AD30-16C08B6E4DE0}.Debug|x86.Build.0 = Debug|Any CPU
		{96ED0EEF-004F-4719-AD30-16C08B6E4DE0}.Debug|x86.Deploy.0 = Debug|Any CPU
		{96ED0EEF-004F-4719-AD30-16C08B6E4DE0}.Release|Any CPU.ActiveCfg = Release|Any CPU
		{96ED0EEF-004F-4719-AD30-16C08B6E4DE0}.Release|Any CPU.Build.0 = Release|Any CPU
		{96ED0EEF-004F-4719-AD30-16C08B6E4DE0}.Release|Any CPU.Deploy.0 = Release|Any CPU
		{96ED0EEF-004F-4719-AD30-16C08B6E4DE0}.Release|ARM.ActiveCfg = Release|Any CPU
		{96ED0EEF-004F-4719-AD30-16C08B6E4DE0}.Release|ARM.Build.0 = Release|Any CPU
		{96ED0EEF-004F-4719-AD30-16C08B6E4DE0}.Release|ARM.Deploy.0 = Release|Any CPU
		{96ED0EEF-004F-4719-AD30-16C08B6E4DE0}.Release|iPhone.ActiveCfg = Release|Any CPU
		{96ED0EEF-004F-4719-AD30-16C08B6E4DE0}.Release|iPhone.Build.0 = Release|Any CPU
		{96ED0EEF-004F-4719-AD30-16C08B6E4DE0}.Release|iPhone.Deploy.0 = Release|Any CPU
		{96ED0EEF-004F-4719-AD30-16C08B6E4DE0}.Release|iPhoneSimulator.ActiveCfg = Release|Any CPU
		{96ED0EEF-004F-4719-AD30-16C08B6E4DE0}.Release|iPhoneSimulator.Build.0 = Release|Any CPU
		{96ED0EEF-004F-4719-AD30-16C08B6E4DE0}.Release|iPhoneSimulator.Deploy.0 = Release|Any CPU
		{96ED0EEF-004F-4719-AD30-16C08B6E4DE0}.Release|x64.ActiveCfg = Release|Any CPU
		{96ED0EEF-004F-4719-AD30-16C08B6E4DE0}.Release|x64.Build.0 = Release|Any CPU
		{96ED0EEF-004F-4719-AD30-16C08B6E4DE0}.Release|x64.Deploy.0 = Release|Any CPU
		{96ED0EEF-004F-4719-AD30-16C08B6E4DE0}.Release|x86.ActiveCfg = Release|Any CPU
		{96ED0EEF-004F-4719-AD30-16C08B6E4DE0}.Release|x86.Build.0 = Release|Any CPU
		{96ED0EEF-004F-4719-AD30-16C08B6E4DE0}.Release|x86.Deploy.0 = Release|Any CPU
		{E35B3B8C-7A5E-4FC4-9902-0E9D4FFC2696}.Debug|Any CPU.ActiveCfg = Debug|iPhoneSimulator
		{E35B3B8C-7A5E-4FC4-9902-0E9D4FFC2696}.Debug|Any CPU.Build.0 = Debug|iPhoneSimulator
		{E35B3B8C-7A5E-4FC4-9902-0E9D4FFC2696}.Debug|Any CPU.Deploy.0 = Debug|iPhoneSimulator
		{E35B3B8C-7A5E-4FC4-9902-0E9D4FFC2696}.Debug|ARM.ActiveCfg = Debug|iPhone
		{E35B3B8C-7A5E-4FC4-9902-0E9D4FFC2696}.Debug|ARM.Build.0 = Debug|iPhone
		{E35B3B8C-7A5E-4FC4-9902-0E9D4FFC2696}.Debug|ARM.Deploy.0 = Debug|iPhone
		{E35B3B8C-7A5E-4FC4-9902-0E9D4FFC2696}.Debug|iPhone.ActiveCfg = Debug|iPhone
		{E35B3B8C-7A5E-4FC4-9902-0E9D4FFC2696}.Debug|iPhone.Build.0 = Debug|iPhone
		{E35B3B8C-7A5E-4FC4-9902-0E9D4FFC2696}.Debug|iPhone.Deploy.0 = Debug|iPhone
		{E35B3B8C-7A5E-4FC4-9902-0E9D4FFC2696}.Debug|iPhoneSimulator.ActiveCfg = Debug|iPhoneSimulator
		{E35B3B8C-7A5E-4FC4-9902-0E9D4FFC2696}.Debug|iPhoneSimulator.Build.0 = Debug|iPhoneSimulator
		{E35B3B8C-7A5E-4FC4-9902-0E9D4FFC2696}.Debug|iPhoneSimulator.Deploy.0 = Debug|iPhoneSimulator
		{E35B3B8C-7A5E-4FC4-9902-0E9D4FFC2696}.Debug|x64.ActiveCfg = Debug|iPhoneSimulator
		{E35B3B8C-7A5E-4FC4-9902-0E9D4FFC2696}.Debug|x64.Build.0 = Debug|iPhoneSimulator
		{E35B3B8C-7A5E-4FC4-9902-0E9D4FFC2696}.Debug|x64.Deploy.0 = Debug|iPhoneSimulator
		{E35B3B8C-7A5E-4FC4-9902-0E9D4FFC2696}.Debug|x86.ActiveCfg = Debug|iPhoneSimulator
		{E35B3B8C-7A5E-4FC4-9902-0E9D4FFC2696}.Debug|x86.Build.0 = Debug|iPhoneSimulator
		{E35B3B8C-7A5E-4FC4-9902-0E9D4FFC2696}.Debug|x86.Deploy.0 = Debug|iPhoneSimulator
		{E35B3B8C-7A5E-4FC4-9902-0E9D4FFC2696}.Release|Any CPU.ActiveCfg = Release|iPhoneSimulator
		{E35B3B8C-7A5E-4FC4-9902-0E9D4FFC2696}.Release|Any CPU.Build.0 = Release|iPhoneSimulator
		{E35B3B8C-7A5E-4FC4-9902-0E9D4FFC2696}.Release|Any CPU.Deploy.0 = Release|iPhoneSimulator
		{E35B3B8C-7A5E-4FC4-9902-0E9D4FFC2696}.Release|ARM.ActiveCfg = Release|iPhoneSimulator
		{E35B3B8C-7A5E-4FC4-9902-0E9D4FFC2696}.Release|ARM.Build.0 = Release|iPhoneSimulator
		{E35B3B8C-7A5E-4FC4-9902-0E9D4FFC2696}.Release|ARM.Deploy.0 = Release|iPhoneSimulator
		{E35B3B8C-7A5E-4FC4-9902-0E9D4FFC2696}.Release|iPhone.ActiveCfg = Release|iPhone
		{E35B3B8C-7A5E-4FC4-9902-0E9D4FFC2696}.Release|iPhone.Build.0 = Release|iPhone
		{E35B3B8C-7A5E-4FC4-9902-0E9D4FFC2696}.Release|iPhone.Deploy.0 = Release|iPhone
		{E35B3B8C-7A5E-4FC4-9902-0E9D4FFC2696}.Release|iPhoneSimulator.ActiveCfg = Release|iPhoneSimulator
		{E35B3B8C-7A5E-4FC4-9902-0E9D4FFC2696}.Release|iPhoneSimulator.Build.0 = Release|iPhoneSimulator
		{E35B3B8C-7A5E-4FC4-9902-0E9D4FFC2696}.Release|iPhoneSimulator.Deploy.0 = Release|iPhoneSimulator
		{E35B3B8C-7A5E-4FC4-9902-0E9D4FFC2696}.Release|x64.ActiveCfg = Release|iPhoneSimulator
		{E35B3B8C-7A5E-4FC4-9902-0E9D4FFC2696}.Release|x64.Build.0 = Release|iPhoneSimulator
		{E35B3B8C-7A5E-4FC4-9902-0E9D4FFC2696}.Release|x64.Deploy.0 = Release|iPhoneSimulator
		{E35B3B8C-7A5E-4FC4-9902-0E9D4FFC2696}.Release|x86.ActiveCfg = Release|iPhoneSimulator
		{E35B3B8C-7A5E-4FC4-9902-0E9D4FFC2696}.Release|x86.Build.0 = Release|iPhoneSimulator
		{E35B3B8C-7A5E-4FC4-9902-0E9D4FFC2696}.Release|x86.Deploy.0 = Release|iPhoneSimulator
		{98F8B150-EF81-4B74-BA98-A5EE4C10E90D}.Debug|Any CPU.ActiveCfg = Debug|Any CPU
		{98F8B150-EF81-4B74-BA98-A5EE4C10E90D}.Debug|Any CPU.Build.0 = Debug|Any CPU
		{98F8B150-EF81-4B74-BA98-A5EE4C10E90D}.Debug|Any CPU.Deploy.0 = Debug|Any CPU
		{98F8B150-EF81-4B74-BA98-A5EE4C10E90D}.Debug|ARM.ActiveCfg = Debug|Any CPU
		{98F8B150-EF81-4B74-BA98-A5EE4C10E90D}.Debug|ARM.Build.0 = Debug|Any CPU
		{98F8B150-EF81-4B74-BA98-A5EE4C10E90D}.Debug|ARM.Deploy.0 = Debug|Any CPU
		{98F8B150-EF81-4B74-BA98-A5EE4C10E90D}.Debug|iPhone.ActiveCfg = Debug|Any CPU
		{98F8B150-EF81-4B74-BA98-A5EE4C10E90D}.Debug|iPhone.Build.0 = Debug|Any CPU
		{98F8B150-EF81-4B74-BA98-A5EE4C10E90D}.Debug|iPhone.Deploy.0 = Debug|Any CPU
		{98F8B150-EF81-4B74-BA98-A5EE4C10E90D}.Debug|iPhoneSimulator.ActiveCfg = Debug|Any CPU
		{98F8B150-EF81-4B74-BA98-A5EE4C10E90D}.Debug|iPhoneSimulator.Build.0 = Debug|Any CPU
		{98F8B150-EF81-4B74-BA98-A5EE4C10E90D}.Debug|iPhoneSimulator.Deploy.0 = Debug|Any CPU
		{98F8B150-EF81-4B74-BA98-A5EE4C10E90D}.Debug|x64.ActiveCfg = Debug|Any CPU
		{98F8B150-EF81-4B74-BA98-A5EE4C10E90D}.Debug|x64.Build.0 = Debug|Any CPU
		{98F8B150-EF81-4B74-BA98-A5EE4C10E90D}.Debug|x64.Deploy.0 = Debug|Any CPU
		{98F8B150-EF81-4B74-BA98-A5EE4C10E90D}.Debug|x86.ActiveCfg = Debug|Any CPU
		{98F8B150-EF81-4B74-BA98-A5EE4C10E90D}.Debug|x86.Build.0 = Debug|Any CPU
		{98F8B150-EF81-4B74-BA98-A5EE4C10E90D}.Debug|x86.Deploy.0 = Debug|Any CPU
		{98F8B150-EF81-4B74-BA98-A5EE4C10E90D}.Release|Any CPU.ActiveCfg = Release|Any CPU
		{98F8B150-EF81-4B74-BA98-A5EE4C10E90D}.Release|Any CPU.Build.0 = Release|Any CPU
		{98F8B150-EF81-4B74-BA98-A5EE4C10E90D}.Release|Any CPU.Deploy.0 = Release|Any CPU
		{98F8B150-EF81-4B74-BA98-A5EE4C10E90D}.Release|ARM.ActiveCfg = Release|Any CPU
		{98F8B150-EF81-4B74-BA98-A5EE4C10E90D}.Release|ARM.Build.0 = Release|Any CPU
		{98F8B150-EF81-4B74-BA98-A5EE4C10E90D}.Release|ARM.Deploy.0 = Release|Any CPU
		{98F8B150-EF81-4B74-BA98-A5EE4C10E90D}.Release|iPhone.ActiveCfg = Release|Any CPU
		{98F8B150-EF81-4B74-BA98-A5EE4C10E90D}.Release|iPhone.Build.0 = Release|Any CPU
		{98F8B150-EF81-4B74-BA98-A5EE4C10E90D}.Release|iPhone.Deploy.0 = Release|Any CPU
		{98F8B150-EF81-4B74-BA98-A5EE4C10E90D}.Release|iPhoneSimulator.ActiveCfg = Release|Any CPU
		{98F8B150-EF81-4B74-BA98-A5EE4C10E90D}.Release|iPhoneSimulator.Build.0 = Release|Any CPU
		{98F8B150-EF81-4B74-BA98-A5EE4C10E90D}.Release|iPhoneSimulator.Deploy.0 = Release|Any CPU
		{98F8B150-EF81-4B74-BA98-A5EE4C10E90D}.Release|x64.ActiveCfg = Release|Any CPU
		{98F8B150-EF81-4B74-BA98-A5EE4C10E90D}.Release|x64.Build.0 = Release|Any CPU
		{98F8B150-EF81-4B74-BA98-A5EE4C10E90D}.Release|x64.Deploy.0 = Release|Any CPU
		{98F8B150-EF81-4B74-BA98-A5EE4C10E90D}.Release|x86.ActiveCfg = Release|Any CPU
		{98F8B150-EF81-4B74-BA98-A5EE4C10E90D}.Release|x86.Build.0 = Release|Any CPU
		{98F8B150-EF81-4B74-BA98-A5EE4C10E90D}.Release|x86.Deploy.0 = Release|Any CPU
		{25C7333F-4841-4014-8D70-5D60664FC915}.Debug|Any CPU.ActiveCfg = Debug|Any CPU
		{25C7333F-4841-4014-8D70-5D60664FC915}.Debug|Any CPU.Build.0 = Debug|Any CPU
		{25C7333F-4841-4014-8D70-5D60664FC915}.Debug|ARM.ActiveCfg = Debug|Any CPU
		{25C7333F-4841-4014-8D70-5D60664FC915}.Debug|ARM.Build.0 = Debug|Any CPU
		{25C7333F-4841-4014-8D70-5D60664FC915}.Debug|iPhone.ActiveCfg = Debug|Any CPU
		{25C7333F-4841-4014-8D70-5D60664FC915}.Debug|iPhone.Build.0 = Debug|Any CPU
		{25C7333F-4841-4014-8D70-5D60664FC915}.Debug|iPhoneSimulator.ActiveCfg = Debug|Any CPU
		{25C7333F-4841-4014-8D70-5D60664FC915}.Debug|iPhoneSimulator.Build.0 = Debug|Any CPU
		{25C7333F-4841-4014-8D70-5D60664FC915}.Debug|x64.ActiveCfg = Debug|Any CPU
		{25C7333F-4841-4014-8D70-5D60664FC915}.Debug|x64.Build.0 = Debug|Any CPU
		{25C7333F-4841-4014-8D70-5D60664FC915}.Debug|x86.ActiveCfg = Debug|Any CPU
		{25C7333F-4841-4014-8D70-5D60664FC915}.Debug|x86.Build.0 = Debug|Any CPU
		{25C7333F-4841-4014-8D70-5D60664FC915}.Release|Any CPU.ActiveCfg = Release|Any CPU
		{25C7333F-4841-4014-8D70-5D60664FC915}.Release|Any CPU.Build.0 = Release|Any CPU
		{25C7333F-4841-4014-8D70-5D60664FC915}.Release|ARM.ActiveCfg = Release|Any CPU
		{25C7333F-4841-4014-8D70-5D60664FC915}.Release|ARM.Build.0 = Release|Any CPU
		{25C7333F-4841-4014-8D70-5D60664FC915}.Release|iPhone.ActiveCfg = Release|Any CPU
		{25C7333F-4841-4014-8D70-5D60664FC915}.Release|iPhone.Build.0 = Release|Any CPU
		{25C7333F-4841-4014-8D70-5D60664FC915}.Release|iPhoneSimulator.ActiveCfg = Release|Any CPU
		{25C7333F-4841-4014-8D70-5D60664FC915}.Release|iPhoneSimulator.Build.0 = Release|Any CPU
		{25C7333F-4841-4014-8D70-5D60664FC915}.Release|x64.ActiveCfg = Release|Any CPU
		{25C7333F-4841-4014-8D70-5D60664FC915}.Release|x64.Build.0 = Release|Any CPU
		{25C7333F-4841-4014-8D70-5D60664FC915}.Release|x86.ActiveCfg = Release|Any CPU
		{25C7333F-4841-4014-8D70-5D60664FC915}.Release|x86.Build.0 = Release|Any CPU
	EndGlobalSection
	GlobalSection(SolutionProperties) = preSolution
		HideSolutionNode = FALSE
	EndGlobalSection
	GlobalSection(ExtensibilityGlobals) = postSolution
		SolutionGuid = {94164EC7-0012-41A5-92EC-18C6B51469AF}
	EndGlobalSection
EndGlobal
