
Microsoft Visual Studio Solution File, Format Version 12.00
# Visual Studio Version 16
VisualStudioVersion = 16.0.810.9
MinimumVisualStudioVersion = 10.0.40219.1
Project("{FAE04EC0-301F-11D3-BF4B-00C04F79EFBC}") = "Maui.VectorIcons", "Maui.VectorIcons\Maui.VectorIcons.csproj", "{3BEDDF46-7B54-49F0-B09D-5DBC98142F06}"
EndProject
Project("{FAE04EC0-301F-11D3-BF4B-00C04F79EFBC}") = "GlyphJsonToCsharp", "GlyphJsonToCsharp\GlyphJsonToCsharp.csproj", "{D3961DD5-2C69-4038-B9C1-96BC49F6FE45}"
EndProject
Global
	GlobalSection(SolutionConfigurationPlatforms) = preSolution
		Debug|Any CPU = Debug|Any CPU
		Release|Any CPU = Release|Any CPU
	EndGlobalSection
	GlobalSection(ProjectConfigurationPlatforms) = postSolution
		{3BEDDF46-7B54-49F0-B09D-5DBC98142F06}.Debug|Any CPU.ActiveCfg = Debug|Any CPU
		{3BEDDF46-7B54-49F0-B09D-5DBC98142F06}.Debug|Any CPU.Build.0 = Debug|Any CPU
		{3BEDDF46-7B54-49F0-B09D-5DBC98142F06}.Release|Any CPU.ActiveCfg = Release|Any CPU
		{3BEDDF46-7B54-49F0-B09D-5DBC98142F06}.Release|Any CPU.Build.0 = Release|Any CPU
		{D3961DD5-2C69-4038-B9C1-96BC49F6FE45}.Debug|Any CPU.ActiveCfg = Debug|Any CPU
		{D3961DD5-2C69-4038-B9C1-96BC49F6FE45}.Debug|Any CPU.Build.0 = Debug|Any CPU
		{D3961DD5-2C69-4038-B9C1-96BC49F6FE45}.Release|Any CPU.ActiveCfg = Release|Any CPU
		{D3961DD5-2C69-4038-B9C1-96BC49F6FE45}.Release|Any CPU.Build.0 = Release|Any CPU
	EndGlobalSection
	GlobalSection(SolutionProperties) = preSolution
		HideSolutionNode = FALSE
	EndGlobalSection
	GlobalSection(ExtensibilityGlobals) = postSolution
		SolutionGuid = {0FF3B148-0366-463C-A159-CAA376788E96}
	EndGlobalSection
EndGlobal
